
Microsoft Visual Studio Solution File, Format Version 12.00
# Visual Studio Version 17
VisualStudioVersion = 17.11.35327.3
MinimumVisualStudioVersion = 10.0.40219.1
Project("{FAE04EC0-301F-11D3-BF4B-00C04F79EFBC}") = "BMICalculator", "BMICalculator\BMICalculator.csproj", "{1733A670-B687-4413-B659-FD5268B2B890}"
EndProject
Global
	GlobalSection(SolutionConfigurationPlatforms) = preSolution
		Debug|Any CPU = Debug|Any CPU
		Release|Any CPU = Release|Any CPU
	EndGlobalSection
	GlobalSection(ProjectConfigurationPlatforms) = postSolution
		{1733A670-B687-4413-B659-FD5268B2B890}.Debug|Any CPU.ActiveCfg = Debug|Any CPU
		{1733A670-B687-4413-B659-FD5268B2B890}.Debug|Any CPU.Build.0 = Debug|Any CPU
		{1733A670-B687-4413-B659-FD5268B2B890}.Release|Any CPU.ActiveCfg = Release|Any CPU
		{1733A670-B687-4413-B659-FD5268B2B890}.Release|Any CPU.Build.0 = Release|Any CPU
	EndGlobalSection
	GlobalSection(SolutionProperties) = preSolution
		HideSolutionNode = FALSE
	EndGlobalSection
	GlobalSection(ExtensibilityGlobals) = postSolution
		SolutionGuid = {25CA6683-0972-4F9F-B4F3-2B31E71E328E}
	EndGlobalSection
EndGlobal
